
Microsoft Visual Studio Solution File, Format Version 12.00
# Visual Studio Version 17
VisualStudioVersion = 17.1.32328.378
MinimumVisualStudioVersion = 10.0.40219.1
Project("{9A19103F-16F7-4668-BE54-9A1E7A4F7556}") = "Yak.Cap.InMemory.Api", "Yak.Cap.InMemory.Api\Yak.Cap.InMemory.Api.csproj", "{E05BDE93-A47A-45A9-AE60-6028D71CBA9A}"
EndProject
Project("{2150E333-8FDC-42A3-9474-1A3956D46DE8}") = "Yak.Cap.RabbitMQ", "Yak.Cap.RabbitMQ", "{7327647A-90BC-44D9-92A8-9555DB1C6E00}"
EndProject
Project("{FAE04EC0-301F-11D3-BF4B-00C04F79EFBC}") = "Yak.Cap.RabbitMQ.PublisherApi", "Yak.Cap.RabbitMQ.PublisherApi\Yak.Cap.RabbitMQ.PublisherApi.csproj", "{3AD0CDD5-D02E-43D7-B363-8243805F127B}"
EndProject
Project("{FAE04EC0-301F-11D3-BF4B-00C04F79EFBC}") = "Yak.Cap.RabbitMQ.SubscribeApi", "Yak.Cap.RabbitMQ.SubscribeApi\Yak.Cap.RabbitMQ.SubscribeApi.csproj", "{20456FEE-D9F0-4350-908B-54411A2FBDC7}"
EndProject
Project("{FAE04EC0-301F-11D3-BF4B-00C04F79EFBC}") = "Yak.Cap.RabbitMQ.Models", "Yak.Cap.RabbitMQ.Models\Yak.Cap.RabbitMQ.Models.csproj", "{8BB39223-617C-48CA-9583-91FBC5EC1652}"
EndProject
Project("{FAE04EC0-301F-11D3-BF4B-00C04F79EFBC}") = "Yak.Cap.RabbitMQ.DB", "Yak.Cap.RabbitMQ.DB\Yak.Cap.RabbitMQ.DB.csproj", "{CCC3B396-ED13-42B6-982F-6674E3BDB5EF}"
EndProject
Global
	GlobalSection(SolutionConfigurationPlatforms) = preSolution
		Debug|Any CPU = Debug|Any CPU
		Release|Any CPU = Release|Any CPU
	EndGlobalSection
	GlobalSection(ProjectConfigurationPlatforms) = postSolution
		{E05BDE93-A47A-45A9-AE60-6028D71CBA9A}.Debug|Any CPU.ActiveCfg = Debug|Any CPU
		{E05BDE93-A47A-45A9-AE60-6028D71CBA9A}.Debug|Any CPU.Build.0 = Debug|Any CPU
		{E05BDE93-A47A-45A9-AE60-6028D71CBA9A}.Release|Any CPU.ActiveCfg = Release|Any CPU
		{E05BDE93-A47A-45A9-AE60-6028D71CBA9A}.Release|Any CPU.Build.0 = Release|Any CPU
		{3AD0CDD5-D02E-43D7-B363-8243805F127B}.Debug|Any CPU.ActiveCfg = Debug|Any CPU
		{3AD0CDD5-D02E-43D7-B363-8243805F127B}.Debug|Any CPU.Build.0 = Debug|Any CPU
		{3AD0CDD5-D02E-43D7-B363-8243805F127B}.Release|Any CPU.ActiveCfg = Release|Any CPU
		{3AD0CDD5-D02E-43D7-B363-8243805F127B}.Release|Any CPU.Build.0 = Release|Any CPU
		{20456FEE-D9F0-4350-908B-54411A2FBDC7}.Debug|Any CPU.ActiveCfg = Debug|Any CPU
		{20456FEE-D9F0-4350-908B-54411A2FBDC7}.Debug|Any CPU.Build.0 = Debug|Any CPU
		{20456FEE-D9F0-4350-908B-54411A2FBDC7}.Release|Any CPU.ActiveCfg = Release|Any CPU
		{20456FEE-D9F0-4350-908B-54411A2FBDC7}.Release|Any CPU.Build.0 = Release|Any CPU
		{8BB39223-617C-48CA-9583-91FBC5EC1652}.Debug|Any CPU.ActiveCfg = Debug|Any CPU
		{8BB39223-617C-48CA-9583-91FBC5EC1652}.Debug|Any CPU.Build.0 = Debug|Any CPU
		{8BB39223-617C-48CA-9583-91FBC5EC1652}.Release|Any CPU.ActiveCfg = Release|Any CPU
		{8BB39223-617C-48CA-9583-91FBC5EC1652}.Release|Any CPU.Build.0 = Release|Any CPU
		{CCC3B396-ED13-42B6-982F-6674E3BDB5EF}.Debug|Any CPU.ActiveCfg = Debug|Any CPU
		{CCC3B396-ED13-42B6-982F-6674E3BDB5EF}.Debug|Any CPU.Build.0 = Debug|Any CPU
		{CCC3B396-ED13-42B6-982F-6674E3BDB5EF}.Release|Any CPU.ActiveCfg = Release|Any CPU
		{CCC3B396-ED13-42B6-982F-6674E3BDB5EF}.Release|Any CPU.Build.0 = Release|Any CPU
	EndGlobalSection
	GlobalSection(SolutionProperties) = preSolution
		HideSolutionNode = FALSE
	EndGlobalSection
	GlobalSection(NestedProjects) = preSolution
		{3AD0CDD5-D02E-43D7-B363-8243805F127B} = {7327647A-90BC-44D9-92A8-9555DB1C6E00}
		{20456FEE-D9F0-4350-908B-54411A2FBDC7} = {7327647A-90BC-44D9-92A8-9555DB1C6E00}
		{8BB39223-617C-48CA-9583-91FBC5EC1652} = {7327647A-90BC-44D9-92A8-9555DB1C6E00}
		{CCC3B396-ED13-42B6-982F-6674E3BDB5EF} = {7327647A-90BC-44D9-92A8-9555DB1C6E00}
	EndGlobalSection
	GlobalSection(ExtensibilityGlobals) = postSolution
		SolutionGuid = {6806556F-B97D-4E9B-AB66-E2EC9E9B7D71}
	EndGlobalSection
EndGlobal
